# This file is automatically @generated by Cargo.
# It is not intended for manual editing.
version = 4

[[package]]
name = "vibe-agent"
version = "0.0.0"

[[package]]
name = "vibe-app-logs"
version = "0.0.0"

[[package]]
name = "vibe-cli"
version = "0.0.0"

[[package]]
name = "vibe-server"
version = "0.0.0"

[[package]]
name = "vibe-wire"
version = "0.0.0"
